
Microsoft Visual Studio Solution File, Format Version 12.00
# Visual Studio 15
VisualStudioVersion = 15.0.28307.489
MinimumVisualStudioVersion = 10.0.40219.1
Project("{FAE04EC0-301F-11D3-BF4B-00C04F79EFBC}") = "WebScraper", "WebScraper\WebScraper.csproj", "{4606511A-5793-4286-938D-93CA52A5A0D2}"
EndProject
Global
	GlobalSection(SolutionConfigurationPlatforms) = preSolution
		Debug|Any CPU = Debug|Any CPU
		Release|Any CPU = Release|Any CPU
	EndGlobalSection
	GlobalSection(ProjectConfigurationPlatforms) = postSolution
		{4606511A-5793-4286-938D-93CA52A5A0D2}.Debug|Any CPU.ActiveCfg = Debug|Any CPU
		{4606511A-5793-4286-938D-93CA52A5A0D2}.Debug|Any CPU.Build.0 = Debug|Any CPU
		{4606511A-5793-4286-938D-93CA52A5A0D2}.Release|Any CPU.ActiveCfg = Release|Any CPU
		{4606511A-5793-4286-938D-93CA52A5A0D2}.Release|Any CPU.Build.0 = Release|Any CPU
	EndGlobalSection
	GlobalSection(SolutionProperties) = preSolution
		HideSolutionNode = FALSE
	EndGlobalSection
	GlobalSection(ExtensibilityGlobals) = postSolution
		SolutionGuid = {4CBFAD4F-31F1-4961-90DA-7B9CFD5DD7B6}
	EndGlobalSection
EndGlobal
